// !$*UTF8*$!
{
	archiveVersion = 1;
	classes = {
	};
	objectVersion = 56;
	objects = {

/* Begin PBXBuildFile section */
		72732F3A2A7F71FC009B80AA /* ProfileHomeView.swift in Sources */ = {isa = PBXBuildFile; fileRef = 72732F392A7F71FC009B80AA /* ProfileHomeView.swift */; };
		72732F3D2A7F724D009B80AA /* WorkoutHomeView.swift in Sources */ = {isa = PBXBuildFile; fileRef = 72732F3C2A7F724D009B80AA /* WorkoutHomeView.swift */; };
		72732F402A7F7274009B80AA /* MealHomeView.swift in Sources */ = {isa = PBXBuildFile; fileRef = 72732F3F2A7F7274009B80AA /* MealHomeView.swift */; };
		72732F432A7F728E009B80AA /* ReportView.swift in Sources */ = {isa = PBXBuildFile; fileRef = 72732F422A7F728E009B80AA /* ReportView.swift */; };
		727C265E2A7FE8090003AD5B /* EditProfileView.swift in Sources */ = {isa = PBXBuildFile; fileRef = 727C265D2A7FE8090003AD5B /* EditProfileView.swift */; };
		72AA62402A7FABAC00AD9A04 /* ProfileSectionView.swift in Sources */ = {isa = PBXBuildFile; fileRef = 72AA623F2A7FABAC00AD9A04 /* ProfileSectionView.swift */; };
		72AA62422A7FABEB00AD9A04 /* WeeklyChartView.swift in Sources */ = {isa = PBXBuildFile; fileRef = 72AA62412A7FABEB00AD9A04 /* WeeklyChartView.swift */; };
		72AA62452A7FAC8400AD9A04 /* HelpView.swift in Sources */ = {isa = PBXBuildFile; fileRef = 72AA62442A7FAC8400AD9A04 /* HelpView.swift */; };
		72AA62472A7FADFD00AD9A04 /* PredictionSectionView.swift in Sources */ = {isa = PBXBuildFile; fileRef = 72AA62462A7FADFD00AD9A04 /* PredictionSectionView.swift */; };
		72AA62492A7FBB0000AD9A04 /* PlanTodayView.swift in Sources */ = {isa = PBXBuildFile; fileRef = 72AA62482A7FBB0000AD9A04 /* PlanTodayView.swift */; };
		72AA624C2A7FC96500AD9A04 /* PredictionView.swift in Sources */ = {isa = PBXBuildFile; fileRef = 72AA624B2A7FC96500AD9A04 /* PredictionView.swift */; };
		B617B3B02A7EB4E400613526 /* FlashFitMobileAppApp.swift in Sources */ = {isa = PBXBuildFile; fileRef = B617B3AF2A7EB4E400613526 /* FlashFitMobileAppApp.swift */; };
		B617B3B22A7EB4E400613526 /* ContentView.swift in Sources */ = {isa = PBXBuildFile; fileRef = B617B3B12A7EB4E400613526 /* ContentView.swift */; };
		B617B3B42A7EB4E600613526 /* Assets.xcassets in Resources */ = {isa = PBXBuildFile; fileRef = B617B3B32A7EB4E600613526 /* Assets.xcassets */; };
		B617B3B72A7EB4E600613526 /* Preview Assets.xcassets in Resources */ = {isa = PBXBuildFile; fileRef = B617B3B62A7EB4E600613526 /* Preview Assets.xcassets */; };
		B617B3C12A7EB4E600613526 /* FlashFitMobileAppTests.swift in Sources */ = {isa = PBXBuildFile; fileRef = B617B3C02A7EB4E600613526 /* FlashFitMobileAppTests.swift */; };
		B617B3CB2A7EB4E600613526 /* FlashFitMobileAppUITests.swift in Sources */ = {isa = PBXBuildFile; fileRef = B617B3CA2A7EB4E600613526 /* FlashFitMobileAppUITests.swift */; };
		B617B3CD2A7EB4E600613526 /* FlashFitMobileAppUITestsLaunchTests.swift in Sources */ = {isa = PBXBuildFile; fileRef = B617B3CC2A7EB4E600613526 /* FlashFitMobileAppUITestsLaunchTests.swift */; };
		B617B3DA2A7EB7CA00613526 /* HomeScreenView.swift in Sources */ = {isa = PBXBuildFile; fileRef = B617B3D92A7EB7CA00613526 /* HomeScreenView.swift */; };
		B621B2672A85C712001C4711 /* UserModel.swift in Sources */ = {isa = PBXBuildFile; fileRef = B621B2662A85C712001C4711 /* UserModel.swift */; };
		B621B2692A85C736001C4711 /* RegistrationViewModel.swift in Sources */ = {isa = PBXBuildFile; fileRef = B621B2682A85C736001C4711 /* RegistrationViewModel.swift */; };
		B621B26D2A873185001C4711 /* PasswordHasher.swift in Sources */ = {isa = PBXBuildFile; fileRef = B621B26C2A873185001C4711 /* PasswordHasher.swift */; };
		B621B2702A873365001C4711 /* GenderTypeEnum.swift in Sources */ = {isa = PBXBuildFile; fileRef = B621B26F2A873365001C4711 /* GenderTypeEnum.swift */; };
		B621B2722A87338E001C4711 /* HealthStatusEnum.swift in Sources */ = {isa = PBXBuildFile; fileRef = B621B2712A87338E001C4711 /* HealthStatusEnum.swift */; };
		B621B2742A873538001C4711 /* HealthStatusTests.swift in Sources */ = {isa = PBXBuildFile; fileRef = B621B2732A873538001C4711 /* HealthStatusTests.swift */; };
		B621B2762A87399F001C4711 /* BMICalculatorTests.swift in Sources */ = {isa = PBXBuildFile; fileRef = B621B2752A87399F001C4711 /* BMICalculatorTests.swift */; };
		B621B2792A873A89001C4711 /* UserRegisterDto.swift in Sources */ = {isa = PBXBuildFile; fileRef = B621B2782A873A89001C4711 /* UserRegisterDto.swift */; };
		B621B27C2A873BBB001C4711 /* DataController.swift in Sources */ = {isa = PBXBuildFile; fileRef = B621B27B2A873BBB001C4711 /* DataController.swift */; };
		B621B27F2A873D95001C4711 /* FlashFitMobileApp.xcdatamodeld in Sources */ = {isa = PBXBuildFile; fileRef = B621B27D2A873D95001C4711 /* FlashFitMobileApp.xcdatamodeld */; };
		B6D1FCF42A874FB100BD4BAC /* RegistrationView.swift in Sources */ = {isa = PBXBuildFile; fileRef = B6D1FCF32A874FB100BD4BAC /* RegistrationView.swift */; };
		B6D1FCF62A875D1B00BD4BAC /* GradientTextFieldBackground.swift in Sources */ = {isa = PBXBuildFile; fileRef = B6D1FCF52A875D1B00BD4BAC /* GradientTextFieldBackground.swift */; };
		B6D1FCF92A87617800BD4BAC /* LoginView.swift in Sources */ = {isa = PBXBuildFile; fileRef = B6D1FCF82A87617800BD4BAC /* LoginView.swift */; };
		B6D1FCFB2A8768F100BD4BAC /* LoginViewModel.swift in Sources */ = {isa = PBXBuildFile; fileRef = B6D1FCFA2A8768F100BD4BAC /* LoginViewModel.swift */; };
		B6D1FCFD2A876F8200BD4BAC /* IdentifiableView.swift in Sources */ = {isa = PBXBuildFile; fileRef = B6D1FCFC2A876F8200BD4BAC /* IdentifiableView.swift */; };
		B6D1FD002A88731A00BD4BAC /* EntryField.swift in Sources */ = {isa = PBXBuildFile; fileRef = B6D1FCFF2A88731A00BD4BAC /* EntryField.swift */; };
		B6D1FD022A88777D00BD4BAC /* PrimaryActionButton.swift in Sources */ = {isa = PBXBuildFile; fileRef = B6D1FD012A88777D00BD4BAC /* PrimaryActionButton.swift */; };
		B6D1FD042A88835300BD4BAC /* CustomColors.swift in Sources */ = {isa = PBXBuildFile; fileRef = B6D1FD032A88835300BD4BAC /* CustomColors.swift */; };
		B6D1FD062A88842000BD4BAC /* LogoShapeView.swift in Sources */ = {isa = PBXBuildFile; fileRef = B6D1FD052A88842000BD4BAC /* LogoShapeView.swift */; };
		B6D1FD082A888C3B00BD4BAC /* Errors.swift in Sources */ = {isa = PBXBuildFile; fileRef = B6D1FD072A888C3B00BD4BAC /* Errors.swift */; };
		B6D1FD0A2A88F07C00BD4BAC /* RegistrationSecondView.swift in Sources */ = {isa = PBXBuildFile; fileRef = B6D1FD092A88F07C00BD4BAC /* RegistrationSecondView.swift */; };
		B6D1FD0C2A88F80A00BD4BAC /* RegistrationThirdView.swift in Sources */ = {isa = PBXBuildFile; fileRef = B6D1FD0B2A88F80A00BD4BAC /* RegistrationThirdView.swift */; };
		B6D1FD0E2A88F88300BD4BAC /* RegistrationFirstView.swift in Sources */ = {isa = PBXBuildFile; fileRef = B6D1FD0D2A88F88300BD4BAC /* RegistrationFirstView.swift */; };
		B6D1FD122A88FC1D00BD4BAC /* NumberOnlyViewModifier.swift in Sources */ = {isa = PBXBuildFile; fileRef = B6D1FD112A88FC1D00BD4BAC /* NumberOnlyViewModifier.swift */; };
/* End PBXBuildFile section */

/* Begin PBXContainerItemProxy section */
		B617B3BD2A7EB4E600613526 /* PBXContainerItemProxy */ = {
			isa = PBXContainerItemProxy;
			containerPortal = B617B3A42A7EB4E400613526 /* Project object */;
			proxyType = 1;
			remoteGlobalIDString = B617B3AB2A7EB4E400613526;
			remoteInfo = FlashFitMobileApp;
		};
		B617B3C72A7EB4E600613526 /* PBXContainerItemProxy */ = {
			isa = PBXContainerItemProxy;
			containerPortal = B617B3A42A7EB4E400613526 /* Project object */;
			proxyType = 1;
			remoteGlobalIDString = B617B3AB2A7EB4E400613526;
			remoteInfo = FlashFitMobileApp;
		};
/* End PBXContainerItemProxy section */

/* Begin PBXFileReference section */
		72732F392A7F71FC009B80AA /* ProfileHomeView.swift */ = {isa = PBXFileReference; lastKnownFileType = sourcecode.swift; path = ProfileHomeView.swift; sourceTree = "<group>"; };
		72732F3C2A7F724D009B80AA /* WorkoutHomeView.swift */ = {isa = PBXFileReference; lastKnownFileType = sourcecode.swift; path = WorkoutHomeView.swift; sourceTree = "<group>"; };
		72732F3F2A7F7274009B80AA /* MealHomeView.swift */ = {isa = PBXFileReference; lastKnownFileType = sourcecode.swift; path = MealHomeView.swift; sourceTree = "<group>"; };
		72732F422A7F728E009B80AA /* ReportView.swift */ = {isa = PBXFileReference; lastKnownFileType = sourcecode.swift; path = ReportView.swift; sourceTree = "<group>"; };
		727C265D2A7FE8090003AD5B /* EditProfileView.swift */ = {isa = PBXFileReference; lastKnownFileType = sourcecode.swift; path = EditProfileView.swift; sourceTree = "<group>"; };
		72AA623F2A7FABAC00AD9A04 /* ProfileSectionView.swift */ = {isa = PBXFileReference; lastKnownFileType = sourcecode.swift; path = ProfileSectionView.swift; sourceTree = "<group>"; };
		72AA62412A7FABEB00AD9A04 /* WeeklyChartView.swift */ = {isa = PBXFileReference; lastKnownFileType = sourcecode.swift; path = WeeklyChartView.swift; sourceTree = "<group>"; };
		72AA62442A7FAC8400AD9A04 /* HelpView.swift */ = {isa = PBXFileReference; lastKnownFileType = sourcecode.swift; path = HelpView.swift; sourceTree = "<group>"; };
		72AA62462A7FADFD00AD9A04 /* PredictionSectionView.swift */ = {isa = PBXFileReference; lastKnownFileType = sourcecode.swift; path = PredictionSectionView.swift; sourceTree = "<group>"; };
		72AA62482A7FBB0000AD9A04 /* PlanTodayView.swift */ = {isa = PBXFileReference; lastKnownFileType = sourcecode.swift; path = PlanTodayView.swift; sourceTree = "<group>"; };
		72AA624B2A7FC96500AD9A04 /* PredictionView.swift */ = {isa = PBXFileReference; lastKnownFileType = sourcecode.swift; path = PredictionView.swift; sourceTree = "<group>"; };
		B617B3AC2A7EB4E400613526 /* FlashFitMobileApp.app */ = {isa = PBXFileReference; explicitFileType = wrapper.application; includeInIndex = 0; path = FlashFitMobileApp.app; sourceTree = BUILT_PRODUCTS_DIR; };
		B617B3AF2A7EB4E400613526 /* FlashFitMobileAppApp.swift */ = {isa = PBXFileReference; lastKnownFileType = sourcecode.swift; path = FlashFitMobileAppApp.swift; sourceTree = "<group>"; };
		B617B3B12A7EB4E400613526 /* ContentView.swift */ = {isa = PBXFileReference; lastKnownFileType = sourcecode.swift; path = ContentView.swift; sourceTree = "<group>"; };
		B617B3B32A7EB4E600613526 /* Assets.xcassets */ = {isa = PBXFileReference; lastKnownFileType = folder.assetcatalog; path = Assets.xcassets; sourceTree = "<group>"; };
		B617B3B62A7EB4E600613526 /* Preview Assets.xcassets */ = {isa = PBXFileReference; lastKnownFileType = folder.assetcatalog; path = "Preview Assets.xcassets"; sourceTree = "<group>"; };
		B617B3BC2A7EB4E600613526 /* FlashFitMobileAppTests.xctest */ = {isa = PBXFileReference; explicitFileType = wrapper.cfbundle; includeInIndex = 0; path = FlashFitMobileAppTests.xctest; sourceTree = BUILT_PRODUCTS_DIR; };
		B617B3C02A7EB4E600613526 /* FlashFitMobileAppTests.swift */ = {isa = PBXFileReference; lastKnownFileType = sourcecode.swift; path = FlashFitMobileAppTests.swift; sourceTree = "<group>"; };
		B617B3C62A7EB4E600613526 /* FlashFitMobileAppUITests.xctest */ = {isa = PBXFileReference; explicitFileType = wrapper.cfbundle; includeInIndex = 0; path = FlashFitMobileAppUITests.xctest; sourceTree = BUILT_PRODUCTS_DIR; };
		B617B3CA2A7EB4E600613526 /* FlashFitMobileAppUITests.swift */ = {isa = PBXFileReference; lastKnownFileType = sourcecode.swift; path = FlashFitMobileAppUITests.swift; sourceTree = "<group>"; };
		B617B3CC2A7EB4E600613526 /* FlashFitMobileAppUITestsLaunchTests.swift */ = {isa = PBXFileReference; lastKnownFileType = sourcecode.swift; path = FlashFitMobileAppUITestsLaunchTests.swift; sourceTree = "<group>"; };
		B617B3D92A7EB7CA00613526 /* HomeScreenView.swift */ = {isa = PBXFileReference; lastKnownFileType = sourcecode.swift; path = HomeScreenView.swift; sourceTree = "<group>"; };
		B621B2662A85C712001C4711 /* UserModel.swift */ = {isa = PBXFileReference; lastKnownFileType = sourcecode.swift; name = UserModel.swift; path = FlashFitMobileApp/UserModel.swift; sourceTree = SOURCE_ROOT; };
		B621B2682A85C736001C4711 /* RegistrationViewModel.swift */ = {isa = PBXFileReference; lastKnownFileType = sourcecode.swift; path = RegistrationViewModel.swift; sourceTree = "<group>"; };
		B621B26C2A873185001C4711 /* PasswordHasher.swift */ = {isa = PBXFileReference; lastKnownFileType = sourcecode.swift; path = PasswordHasher.swift; sourceTree = "<group>"; };
		B621B26F2A873365001C4711 /* GenderTypeEnum.swift */ = {isa = PBXFileReference; lastKnownFileType = sourcecode.swift; path = GenderTypeEnum.swift; sourceTree = "<group>"; };
		B621B2712A87338E001C4711 /* HealthStatusEnum.swift */ = {isa = PBXFileReference; lastKnownFileType = sourcecode.swift; path = HealthStatusEnum.swift; sourceTree = "<group>"; };
		B621B2732A873538001C4711 /* HealthStatusTests.swift */ = {isa = PBXFileReference; lastKnownFileType = sourcecode.swift; path = HealthStatusTests.swift; sourceTree = "<group>"; };
		B621B2752A87399F001C4711 /* BMICalculatorTests.swift */ = {isa = PBXFileReference; lastKnownFileType = sourcecode.swift; path = BMICalculatorTests.swift; sourceTree = "<group>"; };
		B621B2782A873A89001C4711 /* UserRegisterDto.swift */ = {isa = PBXFileReference; lastKnownFileType = sourcecode.swift; path = UserRegisterDto.swift; sourceTree = "<group>"; };
		B621B27B2A873BBB001C4711 /* DataController.swift */ = {isa = PBXFileReference; lastKnownFileType = sourcecode.swift; path = DataController.swift; sourceTree = "<group>"; };
		B621B27E2A873D95001C4711 /* FlashFitMobileApp.xcdatamodel */ = {isa = PBXFileReference; lastKnownFileType = wrapper.xcdatamodel; path = FlashFitMobileApp.xcdatamodel; sourceTree = "<group>"; };
		B6D1FCF32A874FB100BD4BAC /* RegistrationView.swift */ = {isa = PBXFileReference; lastKnownFileType = sourcecode.swift; path = RegistrationView.swift; sourceTree = "<group>"; };
		B6D1FCF52A875D1B00BD4BAC /* GradientTextFieldBackground.swift */ = {isa = PBXFileReference; lastKnownFileType = sourcecode.swift; path = GradientTextFieldBackground.swift; sourceTree = "<group>"; };
		B6D1FCF82A87617800BD4BAC /* LoginView.swift */ = {isa = PBXFileReference; lastKnownFileType = sourcecode.swift; path = LoginView.swift; sourceTree = "<group>"; };
		B6D1FCFA2A8768F100BD4BAC /* LoginViewModel.swift */ = {isa = PBXFileReference; lastKnownFileType = sourcecode.swift; path = LoginViewModel.swift; sourceTree = "<group>"; };
		B6D1FCFC2A876F8200BD4BAC /* IdentifiableView.swift */ = {isa = PBXFileReference; lastKnownFileType = sourcecode.swift; path = IdentifiableView.swift; sourceTree = "<group>"; };
		B6D1FCFF2A88731A00BD4BAC /* EntryField.swift */ = {isa = PBXFileReference; lastKnownFileType = sourcecode.swift; path = EntryField.swift; sourceTree = "<group>"; };
		B6D1FD012A88777D00BD4BAC /* PrimaryActionButton.swift */ = {isa = PBXFileReference; lastKnownFileType = sourcecode.swift; path = PrimaryActionButton.swift; sourceTree = "<group>"; };
		B6D1FD032A88835300BD4BAC /* CustomColors.swift */ = {isa = PBXFileReference; lastKnownFileType = sourcecode.swift; path = CustomColors.swift; sourceTree = "<group>"; };
		B6D1FD052A88842000BD4BAC /* LogoShapeView.swift */ = {isa = PBXFileReference; lastKnownFileType = sourcecode.swift; path = LogoShapeView.swift; sourceTree = "<group>"; };
		B6D1FD072A888C3B00BD4BAC /* Errors.swift */ = {isa = PBXFileReference; lastKnownFileType = sourcecode.swift; path = Errors.swift; sourceTree = "<group>"; };
		B6D1FD092A88F07C00BD4BAC /* RegistrationSecondView.swift */ = {isa = PBXFileReference; lastKnownFileType = sourcecode.swift; path = RegistrationSecondView.swift; sourceTree = "<group>"; };
		B6D1FD0B2A88F80A00BD4BAC /* RegistrationThirdView.swift */ = {isa = PBXFileReference; lastKnownFileType = sourcecode.swift; path = RegistrationThirdView.swift; sourceTree = "<group>"; };
		B6D1FD0D2A88F88300BD4BAC /* RegistrationFirstView.swift */ = {isa = PBXFileReference; lastKnownFileType = sourcecode.swift; path = RegistrationFirstView.swift; sourceTree = "<group>"; };
		B6D1FD112A88FC1D00BD4BAC /* NumberOnlyViewModifier.swift */ = {isa = PBXFileReference; lastKnownFileType = sourcecode.swift; path = NumberOnlyViewModifier.swift; sourceTree = "<group>"; };
/* End PBXFileReference section */

/* Begin PBXFrameworksBuildPhase section */
		B617B3A92A7EB4E400613526 /* Frameworks */ = {
			isa = PBXFrameworksBuildPhase;
			buildActionMask = 2147483647;
			files = (
			);
			runOnlyForDeploymentPostprocessing = 0;
		};
		B617B3B92A7EB4E600613526 /* Frameworks */ = {
			isa = PBXFrameworksBuildPhase;
			buildActionMask = 2147483647;
			files = (
			);
			runOnlyForDeploymentPostprocessing = 0;
		};
		B617B3C32A7EB4E600613526 /* Frameworks */ = {
			isa = PBXFrameworksBuildPhase;
			buildActionMask = 2147483647;
			files = (
			);
			runOnlyForDeploymentPostprocessing = 0;
		};
/* End PBXFrameworksBuildPhase section */

/* Begin PBXGroup section */
		72732F342A7F715B009B80AA /* Views */ = {
			isa = PBXGroup;
			children = (
				B6D1FCFE2A88730400BD4BAC /* SharedViews */,
				B6D1FCF72A87616B00BD4BAC /* Login */,
				B621B26A2A85C742001C4711 /* Registration */,
				72AA624A2A7FC94F00AD9A04 /* PredictionView */,
				72AA62432A7FAC6F00AD9A04 /* HelpView */,
				72732F412A7F727F009B80AA /* ReportView */,
				72732F3E2A7F725E009B80AA /* MealHomeView */,
				72732F3B2A7F722E009B80AA /* WorkoutHomeView */,
				72732F382A7F71C2009B80AA /* ComponentsView */,
				72732F372A7F71A0009B80AA /* HomeView */,
				72732F362A7F717D009B80AA /* PersonalizationView */,
			);
			path = Views;
			sourceTree = "<group>";
		};
		72732F352A7F7177009B80AA /* Models */ = {
			isa = PBXGroup;
			children = (
				B621B2662A85C712001C4711 /* UserModel.swift */,
			);
			path = Models;
			sourceTree = "<group>";
		};
		72732F362A7F717D009B80AA /* PersonalizationView */ = {
			isa = PBXGroup;
			children = (
				727C265C2A7FE78C0003AD5B /* EditProfileView */,
				72732F392A7F71FC009B80AA /* ProfileHomeView.swift */,
			);
			path = PersonalizationView;
			sourceTree = "<group>";
		};
		72732F372A7F71A0009B80AA /* HomeView */ = {
			isa = PBXGroup;
			children = (
				B617B3D92A7EB7CA00613526 /* HomeScreenView.swift */,
				72AA623F2A7FABAC00AD9A04 /* ProfileSectionView.swift */,
				72AA62412A7FABEB00AD9A04 /* WeeklyChartView.swift */,
				72AA62462A7FADFD00AD9A04 /* PredictionSectionView.swift */,
				72AA62482A7FBB0000AD9A04 /* PlanTodayView.swift */,
			);
			path = HomeView;
			sourceTree = "<group>";
		};
		72732F382A7F71C2009B80AA /* ComponentsView */ = {
			isa = PBXGroup;
			children = (
			);
			path = ComponentsView;
			sourceTree = "<group>";
		};
		72732F3B2A7F722E009B80AA /* WorkoutHomeView */ = {
			isa = PBXGroup;
			children = (
				72732F3C2A7F724D009B80AA /* WorkoutHomeView.swift */,
			);
			path = WorkoutHomeView;
			sourceTree = "<group>";
		};
		72732F3E2A7F725E009B80AA /* MealHomeView */ = {
			isa = PBXGroup;
			children = (
				72732F3F2A7F7274009B80AA /* MealHomeView.swift */,
			);
			path = MealHomeView;
			sourceTree = "<group>";
		};
		72732F412A7F727F009B80AA /* ReportView */ = {
			isa = PBXGroup;
			children = (
				72732F422A7F728E009B80AA /* ReportView.swift */,
			);
			path = ReportView;
			sourceTree = "<group>";
		};
		727C265C2A7FE78C0003AD5B /* EditProfileView */ = {
			isa = PBXGroup;
			children = (
				727C265D2A7FE8090003AD5B /* EditProfileView.swift */,
			);
			path = EditProfileView;
			sourceTree = "<group>";
		};
		72AA62432A7FAC6F00AD9A04 /* HelpView */ = {
			isa = PBXGroup;
			children = (
				72AA62442A7FAC8400AD9A04 /* HelpView.swift */,
			);
			path = HelpView;
			sourceTree = "<group>";
		};
		72AA624A2A7FC94F00AD9A04 /* PredictionView */ = {
			isa = PBXGroup;
			children = (
				72AA624B2A7FC96500AD9A04 /* PredictionView.swift */,
			);
			path = PredictionView;
			sourceTree = "<group>";
		};
		B617B3A32A7EB4E400613526 = {
			isa = PBXGroup;
			children = (
				B617B3AE2A7EB4E400613526 /* FlashFitMobileApp */,
				B617B3BF2A7EB4E600613526 /* FlashFitMobileAppTests */,
				B617B3C92A7EB4E600613526 /* FlashFitMobileAppUITests */,
				B617B3AD2A7EB4E400613526 /* Products */,
			);
			sourceTree = "<group>";
		};
		B617B3AD2A7EB4E400613526 /* Products */ = {
			isa = PBXGroup;
			children = (
				B617B3AC2A7EB4E400613526 /* FlashFitMobileApp.app */,
				B617B3BC2A7EB4E600613526 /* FlashFitMobileAppTests.xctest */,
				B617B3C62A7EB4E600613526 /* FlashFitMobileAppUITests.xctest */,
			);
			name = Products;
			sourceTree = "<group>";
		};
		B617B3AE2A7EB4E400613526 /* FlashFitMobileApp */ = {
			isa = PBXGroup;
			children = (
				B621B27A2A873B89001C4711 /* CoreData */,
				B621B2772A873A74001C4711 /* DTO */,
				B621B26E2A873354001C4711 /* Enumz */,
				B621B26B2A873166001C4711 /* Utilities */,
				72732F352A7F7177009B80AA /* Models */,
				72732F342A7F715B009B80AA /* Views */,
				B617B3AF2A7EB4E400613526 /* FlashFitMobileAppApp.swift */,
				B617B3B12A7EB4E400613526 /* ContentView.swift */,
				B617B3B32A7EB4E600613526 /* Assets.xcassets */,
				B617B3B52A7EB4E600613526 /* Preview Content */,
			);
			path = FlashFitMobileApp;
			sourceTree = "<group>";
		};
		B617B3B52A7EB4E600613526 /* Preview Content */ = {
			isa = PBXGroup;
			children = (
				B617B3B62A7EB4E600613526 /* Preview Assets.xcassets */,
			);
			path = "Preview Content";
			sourceTree = "<group>";
		};
		B617B3BF2A7EB4E600613526 /* FlashFitMobileAppTests */ = {
			isa = PBXGroup;
			children = (
				B617B3C02A7EB4E600613526 /* FlashFitMobileAppTests.swift */,
				B621B2732A873538001C4711 /* HealthStatusTests.swift */,
				B621B2752A87399F001C4711 /* BMICalculatorTests.swift */,
			);
			path = FlashFitMobileAppTests;
			sourceTree = "<group>";
		};
		B617B3C92A7EB4E600613526 /* FlashFitMobileAppUITests */ = {
			isa = PBXGroup;
			children = (
				B617B3CA2A7EB4E600613526 /* FlashFitMobileAppUITests.swift */,
				B617B3CC2A7EB4E600613526 /* FlashFitMobileAppUITestsLaunchTests.swift */,
			);
			path = FlashFitMobileAppUITests;
			sourceTree = "<group>";
		};
		B621B26A2A85C742001C4711 /* Registration */ = {
			isa = PBXGroup;
			children = (
				B621B2682A85C736001C4711 /* RegistrationViewModel.swift */,
				B6D1FCF32A874FB100BD4BAC /* RegistrationView.swift */,
				B6D1FD092A88F07C00BD4BAC /* RegistrationSecondView.swift */,
				B6D1FD0B2A88F80A00BD4BAC /* RegistrationThirdView.swift */,
				B6D1FD0D2A88F88300BD4BAC /* RegistrationFirstView.swift */,
			);
			path = Registration;
			sourceTree = "<group>";
		};
		B621B26B2A873166001C4711 /* Utilities */ = {
			isa = PBXGroup;
			children = (
				B621B26C2A873185001C4711 /* PasswordHasher.swift */,
				B6D1FCFC2A876F8200BD4BAC /* IdentifiableView.swift */,
				B6D1FD032A88835300BD4BAC /* CustomColors.swift */,
			);
			path = Utilities;
			sourceTree = "<group>";
		};
		B621B26E2A873354001C4711 /* Enumz */ = {
			isa = PBXGroup;
			children = (
				B621B26F2A873365001C4711 /* GenderTypeEnum.swift */,
				B621B2712A87338E001C4711 /* HealthStatusEnum.swift */,
				B6D1FD072A888C3B00BD4BAC /* Errors.swift */,
			);
			path = Enumz;
			sourceTree = "<group>";
		};
		B621B2772A873A74001C4711 /* DTO */ = {
			isa = PBXGroup;
			children = (
				B621B2782A873A89001C4711 /* UserRegisterDto.swift */,
			);
			path = DTO;
			sourceTree = "<group>";
		};
		B621B27A2A873B89001C4711 /* CoreData */ = {
			isa = PBXGroup;
			children = (
				B621B27B2A873BBB001C4711 /* DataController.swift */,
				B621B27D2A873D95001C4711 /* FlashFitMobileApp.xcdatamodeld */,
			);
			path = CoreData;
			sourceTree = "<group>";
		};
		B6D1FCF72A87616B00BD4BAC /* Login */ = {
			isa = PBXGroup;
			children = (
				B6D1FCF82A87617800BD4BAC /* LoginView.swift */,
				B6D1FCFA2A8768F100BD4BAC /* LoginViewModel.swift */,
			);
			path = Login;
			sourceTree = "<group>";
		};
		B6D1FCFE2A88730400BD4BAC /* SharedViews */ = {
			isa = PBXGroup;
			children = (
				B6D1FCF52A875D1B00BD4BAC /* GradientTextFieldBackground.swift */,
				B6D1FCFF2A88731A00BD4BAC /* EntryField.swift */,
				B6D1FD012A88777D00BD4BAC /* PrimaryActionButton.swift */,
				B6D1FD052A88842000BD4BAC /* LogoShapeView.swift */,
				B6D1FD112A88FC1D00BD4BAC /* NumberOnlyViewModifier.swift */,
			);
			path = SharedViews;
			sourceTree = "<group>";
		};
/* End PBXGroup section */

/* Begin PBXNativeTarget section */
		B617B3AB2A7EB4E400613526 /* FlashFitMobileApp */ = {
			isa = PBXNativeTarget;
			buildConfigurationList = B617B3D02A7EB4E600613526 /* Build configuration list for PBXNativeTarget "FlashFitMobileApp" */;
			buildPhases = (
				B617B3A82A7EB4E400613526 /* Sources */,
				B617B3A92A7EB4E400613526 /* Frameworks */,
				B617B3AA2A7EB4E400613526 /* Resources */,
			);
			buildRules = (
			);
			dependencies = (
			);
			name = FlashFitMobileApp;
			productName = FlashFitMobileApp;
			productReference = B617B3AC2A7EB4E400613526 /* FlashFitMobileApp.app */;
			productType = "com.apple.product-type.application";
		};
		B617B3BB2A7EB4E600613526 /* FlashFitMobileAppTests */ = {
			isa = PBXNativeTarget;
			buildConfigurationList = B617B3D32A7EB4E600613526 /* Build configuration list for PBXNativeTarget "FlashFitMobileAppTests" */;
			buildPhases = (
				B617B3B82A7EB4E600613526 /* Sources */,
				B617B3B92A7EB4E600613526 /* Frameworks */,
				B617B3BA2A7EB4E600613526 /* Resources */,
			);
			buildRules = (
			);
			dependencies = (
				B617B3BE2A7EB4E600613526 /* PBXTargetDependency */,
			);
			name = FlashFitMobileAppTests;
			productName = FlashFitMobileAppTests;
			productReference = B617B3BC2A7EB4E600613526 /* FlashFitMobileAppTests.xctest */;
			productType = "com.apple.product-type.bundle.unit-test";
		};
		B617B3C52A7EB4E600613526 /* FlashFitMobileAppUITests */ = {
			isa = PBXNativeTarget;
			buildConfigurationList = B617B3D62A7EB4E600613526 /* Build configuration list for PBXNativeTarget "FlashFitMobileAppUITests" */;
			buildPhases = (
				B617B3C22A7EB4E600613526 /* Sources */,
				B617B3C32A7EB4E600613526 /* Frameworks */,
				B617B3C42A7EB4E600613526 /* Resources */,
			);
			buildRules = (
			);
			dependencies = (
				B617B3C82A7EB4E600613526 /* PBXTargetDependency */,
			);
			name = FlashFitMobileAppUITests;
			productName = FlashFitMobileAppUITests;
			productReference = B617B3C62A7EB4E600613526 /* FlashFitMobileAppUITests.xctest */;
			productType = "com.apple.product-type.bundle.ui-testing";
		};
/* End PBXNativeTarget section */

/* Begin PBXProject section */
		B617B3A42A7EB4E400613526 /* Project object */ = {
			isa = PBXProject;
			attributes = {
				BuildIndependentTargetsInParallel = 1;
				LastSwiftUpdateCheck = 1430;
				LastUpgradeCheck = 1430;
				TargetAttributes = {
					B617B3AB2A7EB4E400613526 = {
						CreatedOnToolsVersion = 14.3.1;
					};
					B617B3BB2A7EB4E600613526 = {
						CreatedOnToolsVersion = 14.3.1;
						TestTargetID = B617B3AB2A7EB4E400613526;
					};
					B617B3C52A7EB4E600613526 = {
						CreatedOnToolsVersion = 14.3.1;
						TestTargetID = B617B3AB2A7EB4E400613526;
					};
				};
			};
			buildConfigurationList = B617B3A72A7EB4E400613526 /* Build configuration list for PBXProject "FlashFitMobileApp" */;
			compatibilityVersion = "Xcode 14.0";
			developmentRegion = en;
			hasScannedForEncodings = 0;
			knownRegions = (
				en,
				Base,
			);
			mainGroup = B617B3A32A7EB4E400613526;
			productRefGroup = B617B3AD2A7EB4E400613526 /* Products */;
			projectDirPath = "";
			projectRoot = "";
			targets = (
				B617B3AB2A7EB4E400613526 /* FlashFitMobileApp */,
				B617B3BB2A7EB4E600613526 /* FlashFitMobileAppTests */,
				B617B3C52A7EB4E600613526 /* FlashFitMobileAppUITests */,
			);
		};
/* End PBXProject section */

/* Begin PBXResourcesBuildPhase section */
		B617B3AA2A7EB4E400613526 /* Resources */ = {
			isa = PBXResourcesBuildPhase;
			buildActionMask = 2147483647;
			files = (
				B617B3B72A7EB4E600613526 /* Preview Assets.xcassets in Resources */,
				B617B3B42A7EB4E600613526 /* Assets.xcassets in Resources */,
			);
			runOnlyForDeploymentPostprocessing = 0;
		};
		B617B3BA2A7EB4E600613526 /* Resources */ = {
			isa = PBXResourcesBuildPhase;
			buildActionMask = 2147483647;
			files = (
			);
			runOnlyForDeploymentPostprocessing = 0;
		};
		B617B3C42A7EB4E600613526 /* Resources */ = {
			isa = PBXResourcesBuildPhase;
			buildActionMask = 2147483647;
			files = (
			);
			runOnlyForDeploymentPostprocessing = 0;
		};
/* End PBXResourcesBuildPhase section */

/* Begin PBXSourcesBuildPhase section */
		B617B3A82A7EB4E400613526 /* Sources */ = {
			isa = PBXSourcesBuildPhase;
			buildActionMask = 2147483647;
			files = (
				B6D1FD022A88777D00BD4BAC /* PrimaryActionButton.swift in Sources */,
				727C265E2A7FE8090003AD5B /* EditProfileView.swift in Sources */,
				B621B26D2A873185001C4711 /* PasswordHasher.swift in Sources */,
				B6D1FCF42A874FB100BD4BAC /* RegistrationView.swift in Sources */,
				B6D1FD062A88842000BD4BAC /* LogoShapeView.swift in Sources */,
				B621B27F2A873D95001C4711 /* FlashFitMobileApp.xcdatamodeld in Sources */,
				B617B3DA2A7EB7CA00613526 /* HomeScreenView.swift in Sources */,
				B621B2722A87338E001C4711 /* HealthStatusEnum.swift in Sources */,
				B621B2702A873365001C4711 /* GenderTypeEnum.swift in Sources */,
				72732F3D2A7F724D009B80AA /* WorkoutHomeView.swift in Sources */,
				B6D1FCFB2A8768F100BD4BAC /* LoginViewModel.swift in Sources */,
				B6D1FD0C2A88F80A00BD4BAC /* RegistrationThirdView.swift in Sources */,
				72732F402A7F7274009B80AA /* MealHomeView.swift in Sources */,
				B621B27C2A873BBB001C4711 /* DataController.swift in Sources */,
				B621B2792A873A89001C4711 /* UserRegisterDto.swift in Sources */,
				72AA62452A7FAC8400AD9A04 /* HelpView.swift in Sources */,
				72732F3A2A7F71FC009B80AA /* ProfileHomeView.swift in Sources */,
				B6D1FCF92A87617800BD4BAC /* LoginView.swift in Sources */,
				B6D1FD042A88835300BD4BAC /* CustomColors.swift in Sources */,
				72AA62402A7FABAC00AD9A04 /* ProfileSectionView.swift in Sources */,
				72732F432A7F728E009B80AA /* ReportView.swift in Sources */,
				B6D1FD0A2A88F07C00BD4BAC /* RegistrationSecondView.swift in Sources */,
				72AA624C2A7FC96500AD9A04 /* PredictionView.swift in Sources */,
				B6D1FD122A88FC1D00BD4BAC /* NumberOnlyViewModifier.swift in Sources */,
				72AA62422A7FABEB00AD9A04 /* WeeklyChartView.swift in Sources */,
				B6D1FD0E2A88F88300BD4BAC /* RegistrationFirstView.swift in Sources */,
				B6D1FD082A888C3B00BD4BAC /* Errors.swift in Sources */,
				B6D1FCF62A875D1B00BD4BAC /* GradientTextFieldBackground.swift in Sources */,
				72AA62472A7FADFD00AD9A04 /* PredictionSectionView.swift in Sources */,
				72AA62492A7FBB0000AD9A04 /* PlanTodayView.swift in Sources */,
				B617B3B22A7EB4E400613526 /* ContentView.swift in Sources */,
				B621B2692A85C736001C4711 /* RegistrationViewModel.swift in Sources */,
				B621B2672A85C712001C4711 /* UserModel.swift in Sources */,
				B6D1FD002A88731A00BD4BAC /* EntryField.swift in Sources */,
				B6D1FCFD2A876F8200BD4BAC /* IdentifiableView.swift in Sources */,
				B617B3B02A7EB4E400613526 /* FlashFitMobileAppApp.swift in Sources */,
			);
			runOnlyForDeploymentPostprocessing = 0;
		};
		B617B3B82A7EB4E600613526 /* Sources */ = {
			isa = PBXSourcesBuildPhase;
			buildActionMask = 2147483647;
			files = (
				B617B3C12A7EB4E600613526 /* FlashFitMobileAppTests.swift in Sources */,
				B621B2742A873538001C4711 /* HealthStatusTests.swift in Sources */,
				B621B2762A87399F001C4711 /* BMICalculatorTests.swift in Sources */,
			);
			runOnlyForDeploymentPostprocessing = 0;
		};
		B617B3C22A7EB4E600613526 /* Sources */ = {
			isa = PBXSourcesBuildPhase;
			buildActionMask = 2147483647;
			files = (
				B617B3CB2A7EB4E600613526 /* FlashFitMobileAppUITests.swift in Sources */,
				B617B3CD2A7EB4E600613526 /* FlashFitMobileAppUITestsLaunchTests.swift in Sources */,
			);
			runOnlyForDeploymentPostprocessing = 0;
		};
/* End PBXSourcesBuildPhase section */

/* Begin PBXTargetDependency section */
		B617B3BE2A7EB4E600613526 /* PBXTargetDependency */ = {
			isa = PBXTargetDependency;
			target = B617B3AB2A7EB4E400613526 /* FlashFitMobileApp */;
			targetProxy = B617B3BD2A7EB4E600613526 /* PBXContainerItemProxy */;
		};
		B617B3C82A7EB4E600613526 /* PBXTargetDependency */ = {
			isa = PBXTargetDependency;
			target = B617B3AB2A7EB4E400613526 /* FlashFitMobileApp */;
			targetProxy = B617B3C72A7EB4E600613526 /* PBXContainerItemProxy */;
		};
/* End PBXTargetDependency section */

/* Begin XCBuildConfiguration section */
		B617B3CE2A7EB4E600613526 /* Debug */ = {
			isa = XCBuildConfiguration;
			buildSettings = {
				ALWAYS_SEARCH_USER_PATHS = NO;
				CLANG_ANALYZER_NONNULL = YES;
				CLANG_ANALYZER_NUMBER_OBJECT_CONVERSION = YES_AGGRESSIVE;
				CLANG_CXX_LANGUAGE_STANDARD = "gnu++20";
				CLANG_ENABLE_MODULES = YES;
				CLANG_ENABLE_OBJC_ARC = YES;
				CLANG_ENABLE_OBJC_WEAK = YES;
				CLANG_WARN_BLOCK_CAPTURE_AUTORELEASING = YES;
				CLANG_WARN_BOOL_CONVERSION = YES;
				CLANG_WARN_COMMA = YES;
				CLANG_WARN_CONSTANT_CONVERSION = YES;
				CLANG_WARN_DEPRECATED_OBJC_IMPLEMENTATIONS = YES;
				CLANG_WARN_DIRECT_OBJC_ISA_USAGE = YES_ERROR;
				CLANG_WARN_DOCUMENTATION_COMMENTS = YES;
				CLANG_WARN_EMPTY_BODY = YES;
				CLANG_WARN_ENUM_CONVERSION = YES;
				CLANG_WARN_INFINITE_RECURSION = YES;
				CLANG_WARN_INT_CONVERSION = YES;
				CLANG_WARN_NON_LITERAL_NULL_CONVERSION = YES;
				CLANG_WARN_OBJC_IMPLICIT_RETAIN_SELF = YES;
				CLANG_WARN_OBJC_LITERAL_CONVERSION = YES;
				CLANG_WARN_OBJC_ROOT_CLASS = YES_ERROR;
				CLANG_WARN_QUOTED_INCLUDE_IN_FRAMEWORK_HEADER = YES;
				CLANG_WARN_RANGE_LOOP_ANALYSIS = YES;
				CLANG_WARN_STRICT_PROTOTYPES = YES;
				CLANG_WARN_SUSPICIOUS_MOVE = YES;
				CLANG_WARN_UNGUARDED_AVAILABILITY = YES_AGGRESSIVE;
				CLANG_WARN_UNREACHABLE_CODE = YES;
				CLANG_WARN__DUPLICATE_METHOD_MATCH = YES;
				COPY_PHASE_STRIP = NO;
				DEBUG_INFORMATION_FORMAT = dwarf;
				ENABLE_STRICT_OBJC_MSGSEND = YES;
				ENABLE_TESTABILITY = YES;
				GCC_C_LANGUAGE_STANDARD = gnu11;
				GCC_DYNAMIC_NO_PIC = NO;
				GCC_NO_COMMON_BLOCKS = YES;
				GCC_OPTIMIZATION_LEVEL = 0;
				GCC_PREPROCESSOR_DEFINITIONS = (
					"DEBUG=1",
					"$(inherited)",
				);
				GCC_WARN_64_TO_32_BIT_CONVERSION = YES;
				GCC_WARN_ABOUT_RETURN_TYPE = YES_ERROR;
				GCC_WARN_UNDECLARED_SELECTOR = YES;
				GCC_WARN_UNINITIALIZED_AUTOS = YES_AGGRESSIVE;
				GCC_WARN_UNUSED_FUNCTION = YES;
				GCC_WARN_UNUSED_VARIABLE = YES;
				IPHONEOS_DEPLOYMENT_TARGET = 16.4;
				MTL_ENABLE_DEBUG_INFO = INCLUDE_SOURCE;
				MTL_FAST_MATH = YES;
				ONLY_ACTIVE_ARCH = YES;
				SDKROOT = iphoneos;
				SWIFT_ACTIVE_COMPILATION_CONDITIONS = DEBUG;
				SWIFT_OPTIMIZATION_LEVEL = "-Onone";
			};
			name = Debug;
		};
		B617B3CF2A7EB4E600613526 /* Release */ = {
			isa = XCBuildConfiguration;
			buildSettings = {
				ALWAYS_SEARCH_USER_PATHS = NO;
				CLANG_ANALYZER_NONNULL = YES;
				CLANG_ANALYZER_NUMBER_OBJECT_CONVERSION = YES_AGGRESSIVE;
				CLANG_CXX_LANGUAGE_STANDARD = "gnu++20";
				CLANG_ENABLE_MODULES = YES;
				CLANG_ENABLE_OBJC_ARC = YES;
				CLANG_ENABLE_OBJC_WEAK = YES;
				CLANG_WARN_BLOCK_CAPTURE_AUTORELEASING = YES;
				CLANG_WARN_BOOL_CONVERSION = YES;
				CLANG_WARN_COMMA = YES;
				CLANG_WARN_CONSTANT_CONVERSION = YES;
				CLANG_WARN_DEPRECATED_OBJC_IMPLEMENTATIONS = YES;
				CLANG_WARN_DIRECT_OBJC_ISA_USAGE = YES_ERROR;
				CLANG_WARN_DOCUMENTATION_COMMENTS = YES;
				CLANG_WARN_EMPTY_BODY = YES;
				CLANG_WARN_ENUM_CONVERSION = YES;
				CLANG_WARN_INFINITE_RECURSION = YES;
				CLANG_WARN_INT_CONVERSION = YES;
				CLANG_WARN_NON_LITERAL_NULL_CONVERSION = YES;
				CLANG_WARN_OBJC_IMPLICIT_RETAIN_SELF = YES;
				CLANG_WARN_OBJC_LITERAL_CONVERSION = YES;
				CLANG_WARN_OBJC_ROOT_CLASS = YES_ERROR;
				CLANG_WARN_QUOTED_INCLUDE_IN_FRAMEWORK_HEADER = YES;
				CLANG_WARN_RANGE_LOOP_ANALYSIS = YES;
				CLANG_WARN_STRICT_PROTOTYPES = YES;
				CLANG_WARN_SUSPICIOUS_MOVE = YES;
				CLANG_WARN_UNGUARDED_AVAILABILITY = YES_AGGRESSIVE;
				CLANG_WARN_UNREACHABLE_CODE = YES;
				CLANG_WARN__DUPLICATE_METHOD_MATCH = YES;
				COPY_PHASE_STRIP = NO;
				DEBUG_INFORMATION_FORMAT = "dwarf-with-dsym";
				ENABLE_NS_ASSERTIONS = NO;
				ENABLE_STRICT_OBJC_MSGSEND = YES;
				GCC_C_LANGUAGE_STANDARD = gnu11;
				GCC_NO_COMMON_BLOCKS = YES;
				GCC_WARN_64_TO_32_BIT_CONVERSION = YES;
				GCC_WARN_ABOUT_RETURN_TYPE = YES_ERROR;
				GCC_WARN_UNDECLARED_SELECTOR = YES;
				GCC_WARN_UNINITIALIZED_AUTOS = YES_AGGRESSIVE;
				GCC_WARN_UNUSED_FUNCTION = YES;
				GCC_WARN_UNUSED_VARIABLE = YES;
				IPHONEOS_DEPLOYMENT_TARGET = 16.4;
				MTL_ENABLE_DEBUG_INFO = NO;
				MTL_FAST_MATH = YES;
				SDKROOT = iphoneos;
				SWIFT_COMPILATION_MODE = wholemodule;
				SWIFT_OPTIMIZATION_LEVEL = "-O";
				VALIDATE_PRODUCT = YES;
			};
			name = Release;
		};
		B617B3D12A7EB4E600613526 /* Debug */ = {
			isa = XCBuildConfiguration;
			buildSettings = {
				ASSETCATALOG_COMPILER_APPICON_NAME = AppIcon;
				ASSETCATALOG_COMPILER_GLOBAL_ACCENT_COLOR_NAME = AccentColor;
				CODE_SIGN_STYLE = Automatic;
				CURRENT_PROJECT_VERSION = 1;
				DEVELOPMENT_ASSET_PATHS = "\"FlashFitMobileApp/Preview Content\"";
				DEVELOPMENT_TEAM = Q45MVWWV24;
				ENABLE_PREVIEWS = YES;
				GENERATE_INFOPLIST_FILE = YES;
				INFOPLIST_KEY_UIApplicationSceneManifest_Generation = YES;
				INFOPLIST_KEY_UIApplicationSupportsIndirectInputEvents = YES;
				INFOPLIST_KEY_UILaunchScreen_Generation = YES;
				INFOPLIST_KEY_UISupportedInterfaceOrientations_iPad = "UIInterfaceOrientationPortrait UIInterfaceOrientationPortraitUpsideDown UIInterfaceOrientationLandscapeLeft UIInterfaceOrientationLandscapeRight";
				INFOPLIST_KEY_UISupportedInterfaceOrientations_iPhone = "UIInterfaceOrientationPortrait UIInterfaceOrientationLandscapeLeft UIInterfaceOrientationLandscapeRight";
				LD_RUNPATH_SEARCH_PATHS = (
					"$(inherited)",
					"@executable_path/Frameworks",
				);
				MARKETING_VERSION = 1.0;
				PRODUCT_BUNDLE_IDENTIFIER = kalinga.gayan.FlashFitMobileApp;
				PRODUCT_NAME = "$(TARGET_NAME)";
				SWIFT_EMIT_LOC_STRINGS = YES;
				SWIFT_VERSION = 5.0;
				TARGETED_DEVICE_FAMILY = "1,2";
			};
			name = Debug;
		};
		B617B3D22A7EB4E600613526 /* Release */ = {
			isa = XCBuildConfiguration;
			buildSettings = {
				ASSETCATALOG_COMPILER_APPICON_NAME = AppIcon;
				ASSETCATALOG_COMPILER_GLOBAL_ACCENT_COLOR_NAME = AccentColor;
				CODE_SIGN_STYLE = Automatic;
				CURRENT_PROJECT_VERSION = 1;
				DEVELOPMENT_ASSET_PATHS = "\"FlashFitMobileApp/Preview Content\"";
				DEVELOPMENT_TEAM = Q45MVWWV24;
				ENABLE_PREVIEWS = YES;
				GENERATE_INFOPLIST_FILE = YES;
				INFOPLIST_KEY_UIApplicationSceneManifest_Generation = YES;
				INFOPLIST_KEY_UIApplicationSupportsIndirectInputEvents = YES;
				INFOPLIST_KEY_UILaunchScreen_Generation = YES;
				INFOPLIST_KEY_UISupportedInterfaceOrientations_iPad = "UIInterfaceOrientationPortrait UIInterfaceOrientationPortraitUpsideDown UIInterfaceOrientationLandscapeLeft UIInterfaceOrientationLandscapeRight";
				INFOPLIST_KEY_UISupportedInterfaceOrientations_iPhone = "UIInterfaceOrientationPortrait UIInterfaceOrientationLandscapeLeft UIInterfaceOrientationLandscapeRight";
				LD_RUNPATH_SEARCH_PATHS = (
					"$(inherited)",
					"@executable_path/Frameworks",
				);
				MARKETING_VERSION = 1.0;
				PRODUCT_BUNDLE_IDENTIFIER = kalinga.gayan.FlashFitMobileApp;
				PRODUCT_NAME = "$(TARGET_NAME)";
				SWIFT_EMIT_LOC_STRINGS = YES;
				SWIFT_VERSION = 5.0;
				TARGETED_DEVICE_FAMILY = "1,2";
			};
			name = Release;
		};
		B617B3D42A7EB4E600613526 /* Debug */ = {
			isa = XCBuildConfiguration;
			buildSettings = {
				ALWAYS_EMBED_SWIFT_STANDARD_LIBRARIES = YES;
				BUNDLE_LOADER = "$(TEST_HOST)";
				CODE_SIGN_STYLE = Automatic;
				CURRENT_PROJECT_VERSION = 1;
				DEVELOPMENT_TEAM = Q45MVWWV24;
				GENERATE_INFOPLIST_FILE = YES;
				IPHONEOS_DEPLOYMENT_TARGET = 16.4;
				MARKETING_VERSION = 1.0;
				PRODUCT_BUNDLE_IDENTIFIER = kalinga.gayan.FlashFitMobileAppTests;
				PRODUCT_NAME = "$(TARGET_NAME)";
				SWIFT_EMIT_LOC_STRINGS = NO;
				SWIFT_VERSION = 5.0;
				TARGETED_DEVICE_FAMILY = "1,2";
				TEST_HOST = "$(BUILT_PRODUCTS_DIR)/FlashFitMobileApp.app/$(BUNDLE_EXECUTABLE_FOLDER_PATH)/FlashFitMobileApp";
			};
			name = Debug;
		};
		B617B3D52A7EB4E600613526 /* Release */ = {
			isa = XCBuildConfiguration;
			buildSettings = {
				ALWAYS_EMBED_SWIFT_STANDARD_LIBRARIES = YES;
				BUNDLE_LOADER = "$(TEST_HOST)";
				CODE_SIGN_STYLE = Automatic;
				CURRENT_PROJECT_VERSION = 1;
				DEVELOPMENT_TEAM = Q45MVWWV24;
				GENERATE_INFOPLIST_FILE = YES;
				IPHONEOS_DEPLOYMENT_TARGET = 16.4;
				MARKETING_VERSION = 1.0;
				PRODUCT_BUNDLE_IDENTIFIER = kalinga.gayan.FlashFitMobileAppTests;
				PRODUCT_NAME = "$(TARGET_NAME)";
				SWIFT_EMIT_LOC_STRINGS = NO;
				SWIFT_VERSION = 5.0;
				TARGETED_DEVICE_FAMILY = "1,2";
				TEST_HOST = "$(BUILT_PRODUCTS_DIR)/FlashFitMobileApp.app/$(BUNDLE_EXECUTABLE_FOLDER_PATH)/FlashFitMobileApp";
			};
			name = Release;
		};
		B617B3D72A7EB4E600613526 /* Debug */ = {
			isa = XCBuildConfiguration;
			buildSettings = {
				ALWAYS_EMBED_SWIFT_STANDARD_LIBRARIES = YES;
				CODE_SIGN_STYLE = Automatic;
				CURRENT_PROJECT_VERSION = 1;
				DEVELOPMENT_TEAM = Q45MVWWV24;
				GENERATE_INFOPLIST_FILE = YES;
				MARKETING_VERSION = 1.0;
				PRODUCT_BUNDLE_IDENTIFIER = kalinga.gayan.FlashFitMobileAppUITests;
				PRODUCT_NAME = "$(TARGET_NAME)";
				SWIFT_EMIT_LOC_STRINGS = NO;
				SWIFT_VERSION = 5.0;
				TARGETED_DEVICE_FAMILY = "1,2";
				TEST_TARGET_NAME = FlashFitMobileApp;
			};
			name = Debug;
		};
		B617B3D82A7EB4E600613526 /* Release */ = {
			isa = XCBuildConfiguration;
			buildSettings = {
				ALWAYS_EMBED_SWIFT_STANDARD_LIBRARIES = YES;
				CODE_SIGN_STYLE = Automatic;
				CURRENT_PROJECT_VERSION = 1;
				DEVELOPMENT_TEAM = Q45MVWWV24;
				GENERATE_INFOPLIST_FILE = YES;
				MARKETING_VERSION = 1.0;
				PRODUCT_BUNDLE_IDENTIFIER = kalinga.gayan.FlashFitMobileAppUITests;
				PRODUCT_NAME = "$(TARGET_NAME)";
				SWIFT_EMIT_LOC_STRINGS = NO;
				SWIFT_VERSION = 5.0;
				TARGETED_DEVICE_FAMILY = "1,2";
				TEST_TARGET_NAME = FlashFitMobileApp;
			};
			name = Release;
		};
/* End XCBuildConfiguration section */

/* Begin XCConfigurationList section */
		B617B3A72A7EB4E400613526 /* Build configuration list for PBXProject "FlashFitMobileApp" */ = {
			isa = XCConfigurationList;
			buildConfigurations = (
				B617B3CE2A7EB4E600613526 /* Debug */,
				B617B3CF2A7EB4E600613526 /* Release */,
			);
			defaultConfigurationIsVisible = 0;
			defaultConfigurationName = Release;
		};
		B617B3D02A7EB4E600613526 /* Build configuration list for PBXNativeTarget "FlashFitMobileApp" */ = {
			isa = XCConfigurationList;
			buildConfigurations = (
				B617B3D12A7EB4E600613526 /* Debug */,
				B617B3D22A7EB4E600613526 /* Release */,
			);
			defaultConfigurationIsVisible = 0;
			defaultConfigurationName = Release;
		};
		B617B3D32A7EB4E600613526 /* Build configuration list for PBXNativeTarget "FlashFitMobileAppTests" */ = {
			isa = XCConfigurationList;
			buildConfigurations = (
				B617B3D42A7EB4E600613526 /* Debug */,
				B617B3D52A7EB4E600613526 /* Release */,
			);
			defaultConfigurationIsVisible = 0;
			defaultConfigurationName = Release;
		};
		B617B3D62A7EB4E600613526 /* Build configuration list for PBXNativeTarget "FlashFitMobileAppUITests" */ = {
			isa = XCConfigurationList;
			buildConfigurations = (
				B617B3D72A7EB4E600613526 /* Debug */,
				B617B3D82A7EB4E600613526 /* Release */,
			);
			defaultConfigurationIsVisible = 0;
			defaultConfigurationName = Release;
		};
/* End XCConfigurationList section */

/* Begin XCVersionGroup section */
		B621B27D2A873D95001C4711 /* FlashFitMobileApp.xcdatamodeld */ = {
			isa = XCVersionGroup;
			children = (
				B621B27E2A873D95001C4711 /* FlashFitMobileApp.xcdatamodel */,
			);
			currentVersion = B621B27E2A873D95001C4711 /* FlashFitMobileApp.xcdatamodel */;
			path = FlashFitMobileApp.xcdatamodeld;
			sourceTree = "<group>";
			versionGroupType = wrapper.xcdatamodel;
		};
/* End XCVersionGroup section */
	};
	rootObject = B617B3A42A7EB4E400613526 /* Project object */;
}
